
Microsoft Visual Studio Solution File, Format Version 12.00
# Visual Studio Version 16
VisualStudioVersion = 16.0.32106.194
MinimumVisualStudioVersion = 10.0.40219.1
Project("{FAE04EC0-301F-11D3-BF4B-00C04F79EFBC}") = "PasteB", "PasteB\PasteB.csproj", "{7A2D0C1B-77E2-4606-B1CA-AB7B9C78E036}"
EndProject
Global
	GlobalSection(SolutionConfigurationPlatforms) = preSolution
		Debug|Any CPU = Debug|Any CPU
		Release|Any CPU = Release|Any CPU
	EndGlobalSection
	GlobalSection(ProjectConfigurationPlatforms) = postSolution
		{7A2D0C1B-77E2-4606-B1CA-AB7B9C78E036}.Debug|Any CPU.ActiveCfg = Debug|Any CPU
		{7A2D0C1B-77E2-4606-B1CA-AB7B9C78E036}.Debug|Any CPU.Build.0 = Debug|Any CPU
		{7A2D0C1B-77E2-4606-B1CA-AB7B9C78E036}.Release|Any CPU.ActiveCfg = Release|Any CPU
		{7A2D0C1B-77E2-4606-B1CA-AB7B9C78E036}.Release|Any CPU.Build.0 = Release|Any CPU
	EndGlobalSection
	GlobalSection(SolutionProperties) = preSolution
		HideSolutionNode = FALSE
	EndGlobalSection
	GlobalSection(ExtensibilityGlobals) = postSolution
		SolutionGuid = {F1A48ABB-C24A-4200-B3D4-CBE6B0F08C23}
	EndGlobalSection
EndGlobal
